// !$*UTF8*$!
{
	archiveVersion = 1;
	classes = {
	};
	objectVersion = 50;
	objects = {

/* Begin PBXBuildFile section */
		0467BCBA2078C8140054D069 /* IntentHandler.swift in Sources */ = {isa = PBXBuildFile; fileRef = 0467BCB92078C8140054D069 /* IntentHandler.swift */; };
		0467BCBE2078C8140054D069 /* Intent.appex in Embed App Extensions */ = {isa = PBXBuildFile; fileRef = 0467BCB72078C8140054D069 /* Intent.appex */; settings = {ATTRIBUTES = (RemoveHeadersOnCopy, ); }; };
		0467BCC32078C9DD0054D069 /* Finder.swift in Sources */ = {isa = PBXBuildFile; fileRef = 346232C3CDAD43E90850DE0C /* Finder.swift */; };
		0467BCC42078C9E10054D069 /* LoginOperation.swift in Sources */ = {isa = PBXBuildFile; fileRef = 3462387A088990A789000D3E /* LoginOperation.swift */; };
		0467BCC52078C9E10054D069 /* FetchDevicesOperation.swift in Sources */ = {isa = PBXBuildFile; fileRef = 34623ED2F10B2DB82166F283 /* FetchDevicesOperation.swift */; };
		0467BCC62078C9E10054D069 /* AlertOperation.swift in Sources */ = {isa = PBXBuildFile; fileRef = 3462337FE8087EDD1E2ADD51 /* AlertOperation.swift */; };
		0467BCC72078CA0F0054D069 /* Device.swift in Sources */ = {isa = PBXBuildFile; fileRef = 346238AFC195BB86E6E78FAA /* Device.swift */; };
		04F71CF02078A1DD00B693D6 /* AppDelegate.swift in Sources */ = {isa = PBXBuildFile; fileRef = 04F71CEF2078A1DD00B693D6 /* AppDelegate.swift */; };
		04F71CF22078A1DD00B693D6 /* AppViewController.swift in Sources */ = {isa = PBXBuildFile; fileRef = 04F71CF12078A1DD00B693D6 /* AppViewController.swift */; };
		34623003AD7DC59FE60007ED /* CredentialStorage.swift in Sources */ = {isa = PBXBuildFile; fileRef = 3462356CABE6D90619DFF3AA /* CredentialStorage.swift */; };
		346230BD598FBD8514BA2FCE /* LoginFormViewController.swift in Sources */ = {isa = PBXBuildFile; fileRef = 3462337A2DF5BD57BAE79801 /* LoginFormViewController.swift */; };
		346230E730471986065CFA3A /* FetchDevicesOperation.swift in Sources */ = {isa = PBXBuildFile; fileRef = 34623ED2F10B2DB82166F283 /* FetchDevicesOperation.swift */; };
		3462310BCEBE60064FFEAD44 /* LoginFormView.swift in Sources */ = {isa = PBXBuildFile; fileRef = 34623449A1A720282A3FDFB1 /* LoginFormView.swift */; };
		346231915DEFA12AF6D9E6D7 /* Finder.swift in Sources */ = {isa = PBXBuildFile; fileRef = 346232C3CDAD43E90850DE0C /* Finder.swift */; };
		346231A4CF7C146517804E3E /* UIViewControllerExtensions.swift in Sources */ = {isa = PBXBuildFile; fileRef = 346231B868431D297A92BCE4 /* UIViewControllerExtensions.swift */; };
		3462329608A712B08B2B2D16 /* Localizable.strings in Resources */ = {isa = PBXBuildFile; fileRef = 346232C1883114ED52C3EC79 /* Localizable.strings */; };
		346233E940096F260271D62F /* CredentialStorage.swift in Sources */ = {isa = PBXBuildFile; fileRef = 3462356CABE6D90619DFF3AA /* CredentialStorage.swift */; };
		34623660D0CA503D46C59F38 /* LoginActivityViewController.swift in Sources */ = {isa = PBXBuildFile; fileRef = 3462368C3F5C9037087EB2EB /* LoginActivityViewController.swift */; };
		34623719535AC5DFA0AA8046 /* LoginButton.swift in Sources */ = {isa = PBXBuildFile; fileRef = 346231A808B927C844103FE7 /* LoginButton.swift */; };
		346238D2809A3B09733EB0AD /* DataExtensions.swift in Sources */ = {isa = PBXBuildFile; fileRef = 346231C91A0CAF8D190AEFCC /* DataExtensions.swift */; };
		34623959241579E60074711B /* Assets.xcassets in Resources */ = {isa = PBXBuildFile; fileRef = 34623C6A38693F986BDD6BF7 /* Assets.xcassets */; };
		346239683EED44939AE38A15 /* LoginTextFieldLabel.swift in Sources */ = {isa = PBXBuildFile; fileRef = 3462311390B6EDFBEA82A46C /* LoginTextFieldLabel.swift */; };
		346239BBD1FDCC3CAD9CE651 /* LoginTextField.swift in Sources */ = {isa = PBXBuildFile; fileRef = 34623F82A2A5CE24E9861639 /* LoginTextField.swift */; };
		346239ECD5D6B0A99B2821AB /* UIViewExtensions.swift in Sources */ = {isa = PBXBuildFile; fileRef = 34623FDD6861D8CEE5FA82F5 /* UIViewExtensions.swift */; };
		34623CD8FF64D26ED141A48A /* LoginOperation.swift in Sources */ = {isa = PBXBuildFile; fileRef = 3462387A088990A789000D3E /* LoginOperation.swift */; };
		34623DF63D644066FD57440E /* AlertOperation.swift in Sources */ = {isa = PBXBuildFile; fileRef = 3462337FE8087EDD1E2ADD51 /* AlertOperation.swift */; };
		34623E26F62BA759A6353159 /* UserDefaultsExtensions.swift in Sources */ = {isa = PBXBuildFile; fileRef = 34623CF89CC53EAD8E6AFF57 /* UserDefaultsExtensions.swift */; };
		34623F70B20BCC1DB7EBE944 /* Device.swift in Sources */ = {isa = PBXBuildFile; fileRef = 346238AFC195BB86E6E78FAA /* Device.swift */; };
		34623F8FC933F6D7F9B31EC4 /* LaunchScreen.storyboard in Resources */ = {isa = PBXBuildFile; fileRef = 34623FDDB46C6BEA9029087C /* LaunchScreen.storyboard */; };
		34623F9DFD5BFB0CF0840063 /* UserDefaultsExtensions.swift in Sources */ = {isa = PBXBuildFile; fileRef = 34623CF89CC53EAD8E6AFF57 /* UserDefaultsExtensions.swift */; };
/* End PBXBuildFile section */

/* Begin PBXContainerItemProxy section */
		0467BCBC2078C8140054D069 /* PBXContainerItemProxy */ = {
			isa = PBXContainerItemProxy;
			containerPortal = 04F71CE42078A1DC00B693D6 /* Project object */;
			proxyType = 1;
			remoteGlobalIDString = 0467BCB62078C8140054D069;
			remoteInfo = Intent;
		};
/* End PBXContainerItemProxy section */

/* Begin PBXCopyFilesBuildPhase section */
		0467BCC22078C8140054D069 /* Embed App Extensions */ = {
			isa = PBXCopyFilesBuildPhase;
			buildActionMask = 2147483647;
			dstPath = "";
			dstSubfolderSpec = 13;
			files = (
				0467BCBE2078C8140054D069 /* Intent.appex in Embed App Extensions */,
			);
			name = "Embed App Extensions";
			runOnlyForDeploymentPostprocessing = 0;
		};
/* End PBXCopyFilesBuildPhase section */

/* Begin PBXFileReference section */
		0467BCB72078C8140054D069 /* Intent.appex */ = {isa = PBXFileReference; explicitFileType = "wrapper.app-extension"; includeInIndex = 0; path = Intent.appex; sourceTree = BUILT_PRODUCTS_DIR; };
		0467BCB92078C8140054D069 /* IntentHandler.swift */ = {isa = PBXFileReference; lastKnownFileType = sourcecode.swift; path = IntentHandler.swift; sourceTree = "<group>"; };
		0467BCBB2078C8140054D069 /* Info.plist */ = {isa = PBXFileReference; lastKnownFileType = text.plist.xml; path = Info.plist; sourceTree = "<group>"; };
		0467BCC8207A128B0054D069 /* Intent.entitlements */ = {isa = PBXFileReference; lastKnownFileType = text.plist.entitlements; path = Intent.entitlements; sourceTree = "<group>"; };
		04F71CEC2078A1DD00B693D6 /* Finder.app */ = {isa = PBXFileReference; explicitFileType = wrapper.application; includeInIndex = 0; path = Finder.app; sourceTree = BUILT_PRODUCTS_DIR; };
		04F71CEF2078A1DD00B693D6 /* AppDelegate.swift */ = {isa = PBXFileReference; lastKnownFileType = sourcecode.swift; path = AppDelegate.swift; sourceTree = "<group>"; };
		04F71CF12078A1DD00B693D6 /* AppViewController.swift */ = {isa = PBXFileReference; lastKnownFileType = sourcecode.swift; path = AppViewController.swift; sourceTree = "<group>"; };
		3462311390B6EDFBEA82A46C /* LoginTextFieldLabel.swift */ = {isa = PBXFileReference; fileEncoding = 4; lastKnownFileType = sourcecode.swift; path = LoginTextFieldLabel.swift; sourceTree = "<group>"; };
		346231A808B927C844103FE7 /* LoginButton.swift */ = {isa = PBXFileReference; fileEncoding = 4; lastKnownFileType = sourcecode.swift; path = LoginButton.swift; sourceTree = "<group>"; };
		346231B868431D297A92BCE4 /* UIViewControllerExtensions.swift */ = {isa = PBXFileReference; fileEncoding = 4; lastKnownFileType = sourcecode.swift; path = UIViewControllerExtensions.swift; sourceTree = "<group>"; };
		346231C91A0CAF8D190AEFCC /* DataExtensions.swift */ = {isa = PBXFileReference; fileEncoding = 4; lastKnownFileType = sourcecode.swift; path = DataExtensions.swift; sourceTree = "<group>"; };
		346232C1883114ED52C3EC79 /* Localizable.strings */ = {isa = PBXFileReference; fileEncoding = 4; lastKnownFileType = text.plist.strings; path = Localizable.strings; sourceTree = "<group>"; };
		346232C3CDAD43E90850DE0C /* Finder.swift */ = {isa = PBXFileReference; fileEncoding = 4; lastKnownFileType = sourcecode.swift; path = Finder.swift; sourceTree = "<group>"; };
		3462337A2DF5BD57BAE79801 /* LoginFormViewController.swift */ = {isa = PBXFileReference; fileEncoding = 4; lastKnownFileType = sourcecode.swift; path = LoginFormViewController.swift; sourceTree = "<group>"; };
		3462337FE8087EDD1E2ADD51 /* AlertOperation.swift */ = {isa = PBXFileReference; fileEncoding = 4; lastKnownFileType = sourcecode.swift; path = AlertOperation.swift; sourceTree = "<group>"; };
		34623449A1A720282A3FDFB1 /* LoginFormView.swift */ = {isa = PBXFileReference; fileEncoding = 4; lastKnownFileType = sourcecode.swift; path = LoginFormView.swift; sourceTree = "<group>"; };
		3462356CABE6D90619DFF3AA /* CredentialStorage.swift */ = {isa = PBXFileReference; fileEncoding = 4; lastKnownFileType = sourcecode.swift; path = CredentialStorage.swift; sourceTree = "<group>"; };
		3462368C3F5C9037087EB2EB /* LoginActivityViewController.swift */ = {isa = PBXFileReference; fileEncoding = 4; lastKnownFileType = sourcecode.swift; path = LoginActivityViewController.swift; sourceTree = "<group>"; };
		346236E6FAA30FE227D3EC4A /* Info.plist */ = {isa = PBXFileReference; fileEncoding = 4; lastKnownFileType = text.plist.info; path = Info.plist; sourceTree = "<group>"; };
		3462387A088990A789000D3E /* LoginOperation.swift */ = {isa = PBXFileReference; fileEncoding = 4; lastKnownFileType = sourcecode.swift; path = LoginOperation.swift; sourceTree = "<group>"; };
		346238AFC195BB86E6E78FAA /* Device.swift */ = {isa = PBXFileReference; fileEncoding = 4; lastKnownFileType = sourcecode.swift; path = Device.swift; sourceTree = "<group>"; };
		34623C6A38693F986BDD6BF7 /* Assets.xcassets */ = {isa = PBXFileReference; lastKnownFileType = folder.assetcatalog; path = Assets.xcassets; sourceTree = "<group>"; };
		34623CF89CC53EAD8E6AFF57 /* UserDefaultsExtensions.swift */ = {isa = PBXFileReference; fileEncoding = 4; lastKnownFileType = sourcecode.swift; path = UserDefaultsExtensions.swift; sourceTree = "<group>"; };
		34623D9300CB347BEE58DE3A /* Base */ = {isa = PBXFileReference; lastKnownFileType = file.storyboard; name = Base; path = Base.lproj/LaunchScreen.storyboard; sourceTree = "<group>"; };
		34623ED2F10B2DB82166F283 /* FetchDevicesOperation.swift */ = {isa = PBXFileReference; fileEncoding = 4; lastKnownFileType = sourcecode.swift; path = FetchDevicesOperation.swift; sourceTree = "<group>"; };
		34623F1B68E563B41537A857 /* Finder.entitlements */ = {isa = PBXFileReference; fileEncoding = 4; lastKnownFileType = text.plist.entitlements; path = Finder.entitlements; sourceTree = "<group>"; };
		34623F82A2A5CE24E9861639 /* LoginTextField.swift */ = {isa = PBXFileReference; fileEncoding = 4; lastKnownFileType = sourcecode.swift; path = LoginTextField.swift; sourceTree = "<group>"; };
		34623FDD6861D8CEE5FA82F5 /* UIViewExtensions.swift */ = {isa = PBXFileReference; fileEncoding = 4; lastKnownFileType = sourcecode.swift; path = UIViewExtensions.swift; sourceTree = "<group>"; };
/* End PBXFileReference section */

/* Begin PBXFrameworksBuildPhase section */
		0467BCB42078C8140054D069 /* Frameworks */ = {
			isa = PBXFrameworksBuildPhase;
			buildActionMask = 2147483647;
			files = (
			);
			runOnlyForDeploymentPostprocessing = 0;
		};
		04F71CE92078A1DD00B693D6 /* Frameworks */ = {
			isa = PBXFrameworksBuildPhase;
			buildActionMask = 2147483647;
			files = (
			);
			runOnlyForDeploymentPostprocessing = 0;
		};
/* End PBXFrameworksBuildPhase section */

/* Begin PBXGroup section */
		0467BCB82078C8140054D069 /* Intent */ = {
			isa = PBXGroup;
			children = (
				0467BCC8207A128B0054D069 /* Intent.entitlements */,
				0467BCB92078C8140054D069 /* IntentHandler.swift */,
				0467BCBB2078C8140054D069 /* Info.plist */,
			);
			path = Intent;
			sourceTree = "<group>";
		};
		04F71CE32078A1DC00B693D6 = {
			isa = PBXGroup;
			children = (
				04F71CEE2078A1DD00B693D6 /* Finder */,
				0467BCB82078C8140054D069 /* Intent */,
				04F71CED2078A1DD00B693D6 /* Products */,
			);
			sourceTree = "<group>";
		};
		04F71CED2078A1DD00B693D6 /* Products */ = {
			isa = PBXGroup;
			children = (
				04F71CEC2078A1DD00B693D6 /* Finder.app */,
				0467BCB72078C8140054D069 /* Intent.appex */,
			);
			name = Products;
			sourceTree = "<group>";
		};
		04F71CEE2078A1DD00B693D6 /* Finder */ = {
			isa = PBXGroup;
			children = (
				04F71CEF2078A1DD00B693D6 /* AppDelegate.swift */,
				04F71CF12078A1DD00B693D6 /* AppViewController.swift */,
				34623E72BF059440EC49C8AC /* Networking */,
				346238AFC195BB86E6E78FAA /* Device.swift */,
				3462319A9EAE657DC273AC3C /* Login Form */,
				34623C57EB1721A08002D68D /* Extensions */,
				34623DABD4F30772CD1C85D2 /* Resources */,
				346232AF6EF6A058D52A1353 /* Login Activity */,
				3462356CABE6D90619DFF3AA /* CredentialStorage.swift */,
			);
			path = Finder;
			sourceTree = "<group>";
		};
		3462319A9EAE657DC273AC3C /* Login Form */ = {
			isa = PBXGroup;
			children = (
				34623F82A2A5CE24E9861639 /* LoginTextField.swift */,
				3462311390B6EDFBEA82A46C /* LoginTextFieldLabel.swift */,
				34623449A1A720282A3FDFB1 /* LoginFormView.swift */,
				3462337A2DF5BD57BAE79801 /* LoginFormViewController.swift */,
				346231A808B927C844103FE7 /* LoginButton.swift */,
			);
			path = "Login Form";
			sourceTree = "<group>";
		};
		346232AF6EF6A058D52A1353 /* Login Activity */ = {
			isa = PBXGroup;
			children = (
				3462368C3F5C9037087EB2EB /* LoginActivityViewController.swift */,
			);
			path = "Login Activity";
			sourceTree = "<group>";
		};
		34623C57EB1721A08002D68D /* Extensions */ = {
			isa = PBXGroup;
			children = (
				346231B868431D297A92BCE4 /* UIViewControllerExtensions.swift */,
				34623FDD6861D8CEE5FA82F5 /* UIViewExtensions.swift */,
				346231C91A0CAF8D190AEFCC /* DataExtensions.swift */,
				34623CF89CC53EAD8E6AFF57 /* UserDefaultsExtensions.swift */,
			);
			path = Extensions;
			sourceTree = "<group>";
		};
		34623DABD4F30772CD1C85D2 /* Resources */ = {
			isa = PBXGroup;
			children = (
				34623C6A38693F986BDD6BF7 /* Assets.xcassets */,
				34623F1B68E563B41537A857 /* Finder.entitlements */,
				346236E6FAA30FE227D3EC4A /* Info.plist */,
				34623FDDB46C6BEA9029087C /* LaunchScreen.storyboard */,
				346232C1883114ED52C3EC79 /* Localizable.strings */,
			);
			name = Resources;
			sourceTree = "<group>";
		};
		34623E72BF059440EC49C8AC /* Networking */ = {
			isa = PBXGroup;
			children = (
				346232C3CDAD43E90850DE0C /* Finder.swift */,
				3462387A088990A789000D3E /* LoginOperation.swift */,
				34623ED2F10B2DB82166F283 /* FetchDevicesOperation.swift */,
				3462337FE8087EDD1E2ADD51 /* AlertOperation.swift */,
			);
			path = Networking;
			sourceTree = "<group>";
		};
/* End PBXGroup section */

/* Begin PBXNativeTarget section */
		0467BCB62078C8140054D069 /* Intent */ = {
			isa = PBXNativeTarget;
			buildConfigurationList = 0467BCBF2078C8140054D069 /* Build configuration list for PBXNativeTarget "Intent" */;
			buildPhases = (
				0467BCB32078C8140054D069 /* Sources */,
				0467BCB42078C8140054D069 /* Frameworks */,
				0467BCB52078C8140054D069 /* Resources */,
			);
			buildRules = (
			);
			dependencies = (
			);
			name = Intent;
			productName = Intent;
			productReference = 0467BCB72078C8140054D069 /* Intent.appex */;
			productType = "com.apple.product-type.app-extension";
		};
		04F71CEB2078A1DD00B693D6 /* Finder */ = {
			isa = PBXNativeTarget;
			buildConfigurationList = 04F71CFE2078A1E200B693D6 /* Build configuration list for PBXNativeTarget "Finder" */;
			buildPhases = (
				04F71CE82078A1DD00B693D6 /* Sources */,
				04F71CE92078A1DD00B693D6 /* Frameworks */,
				04F71CEA2078A1DD00B693D6 /* Resources */,
				0467BCC22078C8140054D069 /* Embed App Extensions */,
			);
			buildRules = (
			);
			dependencies = (
				0467BCBD2078C8140054D069 /* PBXTargetDependency */,
			);
			name = Finder;
			productName = Finder;
			productReference = 04F71CEC2078A1DD00B693D6 /* Finder.app */;
			productType = "com.apple.product-type.application";
		};
/* End PBXNativeTarget section */

/* Begin PBXProject section */
		04F71CE42078A1DC00B693D6 /* Project object */ = {
			isa = PBXProject;
			attributes = {
				LastSwiftUpdateCheck = 0930;
				LastUpgradeCheck = 0930;
				ORGANIZATIONNAME = "Cocoatype, LLC";
				TargetAttributes = {
					0467BCB62078C8140054D069 = {
						CreatedOnToolsVersion = 9.3;
						SystemCapabilities = {
							com.apple.ApplicationGroups.iOS = {
								enabled = 1;
							};
							com.apple.Keychain = {
								enabled = 1;
							};
						};
					};
					04F71CEB2078A1DD00B693D6 = {
						CreatedOnToolsVersion = 9.3;
						SystemCapabilities = {
							com.apple.ApplicationGroups.iOS = {
								enabled = 1;
							};
							com.apple.Keychain = {
								enabled = 1;
							};
							com.apple.Siri = {
								enabled = 1;
							};
						};
					};
				};
			};
			buildConfigurationList = 04F71CE72078A1DC00B693D6 /* Build configuration list for PBXProject "Finder" */;
			compatibilityVersion = "Xcode 9.3";
			developmentRegion = en;
			hasScannedForEncodings = 0;
			knownRegions = (
				en,
				Base,
			);
			mainGroup = 04F71CE32078A1DC00B693D6;
			productRefGroup = 04F71CED2078A1DD00B693D6 /* Products */;
			projectDirPath = "";
			projectRoot = "";
			targets = (
				04F71CEB2078A1DD00B693D6 /* Finder */,
				0467BCB62078C8140054D069 /* Intent */,
			);
		};
/* End PBXProject section */

/* Begin PBXResourcesBuildPhase section */
		0467BCB52078C8140054D069 /* Resources */ = {
			isa = PBXResourcesBuildPhase;
			buildActionMask = 2147483647;
			files = (
			);
			runOnlyForDeploymentPostprocessing = 0;
		};
		04F71CEA2078A1DD00B693D6 /* Resources */ = {
			isa = PBXResourcesBuildPhase;
			buildActionMask = 2147483647;
			files = (
				34623959241579E60074711B /* Assets.xcassets in Resources */,
				34623F8FC933F6D7F9B31EC4 /* LaunchScreen.storyboard in Resources */,
				3462329608A712B08B2B2D16 /* Localizable.strings in Resources */,
			);
			runOnlyForDeploymentPostprocessing = 0;
		};
/* End PBXResourcesBuildPhase section */

/* Begin PBXSourcesBuildPhase section */
		0467BCB32078C8140054D069 /* Sources */ = {
			isa = PBXSourcesBuildPhase;
			buildActionMask = 2147483647;
			files = (
				0467BCC52078C9E10054D069 /* FetchDevicesOperation.swift in Sources */,
				0467BCBA2078C8140054D069 /* IntentHandler.swift in Sources */,
				0467BCC42078C9E10054D069 /* LoginOperation.swift in Sources */,
				0467BCC72078CA0F0054D069 /* Device.swift in Sources */,
				0467BCC62078C9E10054D069 /* AlertOperation.swift in Sources */,
				0467BCC32078C9DD0054D069 /* Finder.swift in Sources */,
				34623E26F62BA759A6353159 /* UserDefaultsExtensions.swift in Sources */,
				34623003AD7DC59FE60007ED /* CredentialStorage.swift in Sources */,
			);
			runOnlyForDeploymentPostprocessing = 0;
		};
		04F71CE82078A1DD00B693D6 /* Sources */ = {
			isa = PBXSourcesBuildPhase;
			buildActionMask = 2147483647;
			files = (
				04F71CF22078A1DD00B693D6 /* AppViewController.swift in Sources */,
				04F71CF02078A1DD00B693D6 /* AppDelegate.swift in Sources */,
				346231915DEFA12AF6D9E6D7 /* Finder.swift in Sources */,
				34623CD8FF64D26ED141A48A /* LoginOperation.swift in Sources */,
				34623F70B20BCC1DB7EBE944 /* Device.swift in Sources */,
				346230E730471986065CFA3A /* FetchDevicesOperation.swift in Sources */,
				34623DF63D644066FD57440E /* AlertOperation.swift in Sources */,
				346239BBD1FDCC3CAD9CE651 /* LoginTextField.swift in Sources */,
				346239683EED44939AE38A15 /* LoginTextFieldLabel.swift in Sources */,
				3462310BCEBE60064FFEAD44 /* LoginFormView.swift in Sources */,
				346230BD598FBD8514BA2FCE /* LoginFormViewController.swift in Sources */,
				346231A4CF7C146517804E3E /* UIViewControllerExtensions.swift in Sources */,
				346239ECD5D6B0A99B2821AB /* UIViewExtensions.swift in Sources */,
				346238D2809A3B09733EB0AD /* DataExtensions.swift in Sources */,
				34623719535AC5DFA0AA8046 /* LoginButton.swift in Sources */,
				34623660D0CA503D46C59F38 /* LoginActivityViewController.swift in Sources */,
				34623F9DFD5BFB0CF0840063 /* UserDefaultsExtensions.swift in Sources */,
				346233E940096F260271D62F /* CredentialStorage.swift in Sources */,
			);
			runOnlyForDeploymentPostprocessing = 0;
		};
/* End PBXSourcesBuildPhase section */

/* Begin PBXTargetDependency section */
		0467BCBD2078C8140054D069 /* PBXTargetDependency */ = {
			isa = PBXTargetDependency;
			target = 0467BCB62078C8140054D069 /* Intent */;
			targetProxy = 0467BCBC2078C8140054D069 /* PBXContainerItemProxy */;
		};
/* End PBXTargetDependency section */

/* Begin PBXVariantGroup section */
		34623FDDB46C6BEA9029087C /* LaunchScreen.storyboard */ = {
			isa = PBXVariantGroup;
			children = (
				34623D9300CB347BEE58DE3A /* Base */,
			);
			name = LaunchScreen.storyboard;
			sourceTree = "<group>";
		};
/* End PBXVariantGroup section */

/* Begin XCBuildConfiguration section */
		0467BCC02078C8140054D069 /* Debug */ = {
			isa = XCBuildConfiguration;
			buildSettings = {
				CODE_SIGN_ENTITLEMENTS = Intent/Intent.entitlements;
				CODE_SIGN_STYLE = Automatic;
				DEVELOPMENT_TEAM = 287EDDET2B;
				INFOPLIST_FILE = Intent/Info.plist;
				IPHONEOS_DEPLOYMENT_TARGET = 11.0;
				LD_RUNPATH_SEARCH_PATHS = (
					"$(inherited)",
					"@executable_path/Frameworks",
					"@executable_path/../../Frameworks",
				);
				PRODUCT_BUNDLE_IDENTIFIER = com.cocoatype.Finder.Intent;
				PRODUCT_NAME = "$(TARGET_NAME)";
				SKIP_INSTALL = YES;
				SWIFT_VERSION = 4.0;
				TARGETED_DEVICE_FAMILY = "1,2";
			};
			name = Debug;
		};
		0467BCC12078C8140054D069 /* Release */ = {
			isa = XCBuildConfiguration;
			buildSettings = {
				CODE_SIGN_ENTITLEMENTS = Intent/Intent.entitlements;
				CODE_SIGN_STYLE = Automatic;
				DEVELOPMENT_TEAM = 287EDDET2B;
				INFOPLIST_FILE = Intent/Info.plist;
				IPHONEOS_DEPLOYMENT_TARGET = 11.0;
				LD_RUNPATH_SEARCH_PATHS = (
					"$(inherited)",
					"@executable_path/Frameworks",
					"@executable_path/../../Frameworks",
				);
				PRODUCT_BUNDLE_IDENTIFIER = com.cocoatype.Finder.Intent;
				PRODUCT_NAME = "$(TARGET_NAME)";
				SKIP_INSTALL = YES;
				SWIFT_VERSION = 4.0;
				TARGETED_DEVICE_FAMILY = "1,2";
			};
			name = Release;
		};
		04F71CFC2078A1E200B693D6 /* Debug */ = {
			isa = XCBuildConfiguration;
			buildSettings = {
				ALWAYS_SEARCH_USER_PATHS = NO;
				CLANG_ANALYZER_NONNULL = YES;
				CLANG_ANALYZER_NUMBER_OBJECT_CONVERSION = YES_AGGRESSIVE;
				CLANG_CXX_LANGUAGE_STANDARD = "gnu++14";
				CLANG_CXX_LIBRARY = "libc++";
				CLANG_ENABLE_MODULES = YES;
				CLANG_ENABLE_OBJC_ARC = YES;
				CLANG_ENABLE_OBJC_WEAK = YES;
				CLANG_WARN_BLOCK_CAPTURE_AUTORELEASING = YES;
				CLANG_WARN_BOOL_CONVERSION = YES;
				CLANG_WARN_COMMA = YES;
				CLANG_WARN_CONSTANT_CONVERSION = YES;
				CLANG_WARN_DEPRECATED_OBJC_IMPLEMENTATIONS = YES;
				CLANG_WARN_DIRECT_OBJC_ISA_USAGE = YES_ERROR;
				CLANG_WARN_DOCUMENTATION_COMMENTS = YES;
				CLANG_WARN_EMPTY_BODY = YES;
				CLANG_WARN_ENUM_CONVERSION = YES;
				CLANG_WARN_INFINITE_RECURSION = YES;
				CLANG_WARN_INT_CONVERSION = YES;
				CLANG_WARN_NON_LITERAL_NULL_CONVERSION = YES;
				CLANG_WARN_OBJC_IMPLICIT_RETAIN_SELF = YES;
				CLANG_WARN_OBJC_LITERAL_CONVERSION = YES;
				CLANG_WARN_OBJC_ROOT_CLASS = YES_ERROR;
				CLANG_WARN_RANGE_LOOP_ANALYSIS = YES;
				CLANG_WARN_STRICT_PROTOTYPES = YES;
				CLANG_WARN_SUSPICIOUS_MOVE = YES;
				CLANG_WARN_UNGUARDED_AVAILABILITY = YES_AGGRESSIVE;
				CLANG_WARN_UNREACHABLE_CODE = YES;
				CLANG_WARN__DUPLICATE_METHOD_MATCH = YES;
				CODE_SIGN_IDENTITY = "iPhone Developer";
				COPY_PHASE_STRIP = NO;
				DEBUG_INFORMATION_FORMAT = dwarf;
				ENABLE_STRICT_OBJC_MSGSEND = YES;
				ENABLE_TESTABILITY = YES;
				GCC_C_LANGUAGE_STANDARD = gnu11;
				GCC_DYNAMIC_NO_PIC = NO;
				GCC_NO_COMMON_BLOCKS = YES;
				GCC_OPTIMIZATION_LEVEL = 0;
				GCC_PREPROCESSOR_DEFINITIONS = (
					"DEBUG=1",
					"$(inherited)",
				);
				GCC_WARN_64_TO_32_BIT_CONVERSION = YES;
				GCC_WARN_ABOUT_RETURN_TYPE = YES_ERROR;
				GCC_WARN_UNDECLARED_SELECTOR = YES;
				GCC_WARN_UNINITIALIZED_AUTOS = YES_AGGRESSIVE;
				GCC_WARN_UNUSED_FUNCTION = YES;
				GCC_WARN_UNUSED_VARIABLE = YES;
				IPHONEOS_DEPLOYMENT_TARGET = 11.0;
				MTL_ENABLE_DEBUG_INFO = YES;
				ONLY_ACTIVE_ARCH = YES;
				SDKROOT = iphoneos;
				SWIFT_ACTIVE_COMPILATION_CONDITIONS = DEBUG;
				SWIFT_OPTIMIZATION_LEVEL = "-Onone";
			};
			name = Debug;
		};
		04F71CFD2078A1E200B693D6 /* Release */ = {
			isa = XCBuildConfiguration;
			buildSettings = {
				ALWAYS_SEARCH_USER_PATHS = NO;
				CLANG_ANALYZER_NONNULL = YES;
				CLANG_ANALYZER_NUMBER_OBJECT_CONVERSION = YES_AGGRESSIVE;
				CLANG_CXX_LANGUAGE_STANDARD = "gnu++14";
				CLANG_CXX_LIBRARY = "libc++";
				CLANG_ENABLE_MODULES = YES;
				CLANG_ENABLE_OBJC_ARC = YES;
				CLANG_ENABLE_OBJC_WEAK = YES;
				CLANG_WARN_BLOCK_CAPTURE_AUTORELEASING = YES;
				CLANG_WARN_BOOL_CONVERSION = YES;
				CLANG_WARN_COMMA = YES;
				CLANG_WARN_CONSTANT_CONVERSION = YES;
				CLANG_WARN_DEPRECATED_OBJC_IMPLEMENTATIONS = YES;
				CLANG_WARN_DIRECT_OBJC_ISA_USAGE = YES_ERROR;
				CLANG_WARN_DOCUMENTATION_COMMENTS = YES;
				CLANG_WARN_EMPTY_BODY = YES;
				CLANG_WARN_ENUM_CONVERSION = YES;
				CLANG_WARN_INFINITE_RECURSION = YES;
				CLANG_WARN_INT_CONVERSION = YES;
				CLANG_WARN_NON_LITERAL_NULL_CONVERSION = YES;
				CLANG_WARN_OBJC_IMPLICIT_RETAIN_SELF = YES;
				CLANG_WARN_OBJC_LITERAL_CONVERSION = YES;
				CLANG_WARN_OBJC_ROOT_CLASS = YES_ERROR;
				CLANG_WARN_RANGE_LOOP_ANALYSIS = YES;
				CLANG_WARN_STRICT_PROTOTYPES = YES;
				CLANG_WARN_SUSPICIOUS_MOVE = YES;
				CLANG_WARN_UNGUARDED_AVAILABILITY = YES_AGGRESSIVE;
				CLANG_WARN_UNREACHABLE_CODE = YES;
				CLANG_WARN__DUPLICATE_METHOD_MATCH = YES;
				CODE_SIGN_IDENTITY = "iPhone Developer";
				COPY_PHASE_STRIP = NO;
				DEBUG_INFORMATION_FORMAT = "dwarf-with-dsym";
				ENABLE_NS_ASSERTIONS = NO;
				ENABLE_STRICT_OBJC_MSGSEND = YES;
				GCC_C_LANGUAGE_STANDARD = gnu11;
				GCC_NO_COMMON_BLOCKS = YES;
				GCC_WARN_64_TO_32_BIT_CONVERSION = YES;
				GCC_WARN_ABOUT_RETURN_TYPE = YES_ERROR;
				GCC_WARN_UNDECLARED_SELECTOR = YES;
				GCC_WARN_UNINITIALIZED_AUTOS = YES_AGGRESSIVE;
				GCC_WARN_UNUSED_FUNCTION = YES;
				GCC_WARN_UNUSED_VARIABLE = YES;
				IPHONEOS_DEPLOYMENT_TARGET = 11.0;
				MTL_ENABLE_DEBUG_INFO = NO;
				SDKROOT = iphoneos;
				SWIFT_COMPILATION_MODE = wholemodule;
				SWIFT_OPTIMIZATION_LEVEL = "-O";
				VALIDATE_PRODUCT = YES;
			};
			name = Release;
		};
		04F71CFF2078A1E200B693D6 /* Debug */ = {
			isa = XCBuildConfiguration;
			buildSettings = {
				ALWAYS_EMBED_SWIFT_STANDARD_LIBRARIES = YES;
				ASSETCATALOG_COMPILER_APPICON_NAME = AppIcon;
				CODE_SIGN_ENTITLEMENTS = Finder/Finder.entitlements;
				CODE_SIGN_STYLE = Automatic;
				DEVELOPMENT_TEAM = 287EDDET2B;
				INFOPLIST_FILE = Finder/Info.plist;
				IPHONEOS_DEPLOYMENT_TARGET = 11.0;
				LD_RUNPATH_SEARCH_PATHS = (
					"$(inherited)",
					"@executable_path/Frameworks",
				);
				PRODUCT_BUNDLE_IDENTIFIER = com.cocoatype.Finder;
				PRODUCT_NAME = "$(TARGET_NAME)";
				SWIFT_VERSION = 4.0;
				TARGETED_DEVICE_FAMILY = "1,2";
			};
			name = Debug;
		};
		04F71D002078A1E200B693D6 /* Release */ = {
			isa = XCBuildConfiguration;
			buildSettings = {
				ALWAYS_EMBED_SWIFT_STANDARD_LIBRARIES = YES;
				ASSETCATALOG_COMPILER_APPICON_NAME = AppIcon;
				CODE_SIGN_ENTITLEMENTS = Finder/Finder.entitlements;
				CODE_SIGN_STYLE = Automatic;
				DEVELOPMENT_TEAM = 287EDDET2B;
				INFOPLIST_FILE = Finder/Info.plist;
				IPHONEOS_DEPLOYMENT_TARGET = 11.0;
				LD_RUNPATH_SEARCH_PATHS = (
					"$(inherited)",
					"@executable_path/Frameworks",
				);
				PRODUCT_BUNDLE_IDENTIFIER = com.cocoatype.Finder;
				PRODUCT_NAME = "$(TARGET_NAME)";
				SWIFT_VERSION = 4.0;
				TARGETED_DEVICE_FAMILY = "1,2";
			};
			name = Release;
		};
/* End XCBuildConfiguration section */

/* Begin XCConfigurationList section */
		0467BCBF2078C8140054D069 /* Build configuration list for PBXNativeTarget "Intent" */ = {
			isa = XCConfigurationList;
			buildConfigurations = (
				0467BCC02078C8140054D069 /* Debug */,
				0467BCC12078C8140054D069 /* Release */,
			);
			defaultConfigurationIsVisible = 0;
			defaultConfigurationName = Release;
		};
		04F71CE72078A1DC00B693D6 /* Build configuration list for PBXProject "Finder" */ = {
			isa = XCConfigurationList;
			buildConfigurations = (
				04F71CFC2078A1E200B693D6 /* Debug */,
				04F71CFD2078A1E200B693D6 /* Release */,
			);
			defaultConfigurationIsVisible = 0;
			defaultConfigurationName = Release;
		};
		04F71CFE2078A1E200B693D6 /* Build configuration list for PBXNativeTarget "Finder" */ = {
			isa = XCConfigurationList;
			buildConfigurations = (
				04F71CFF2078A1E200B693D6 /* Debug */,
				04F71D002078A1E200B693D6 /* Release */,
			);
			defaultConfigurationIsVisible = 0;
			defaultConfigurationName = Release;
		};
/* End XCConfigurationList section */
	};
	rootObject = 04F71CE42078A1DC00B693D6 /* Project object */;
}
